
Microsoft Visual Studio Solution File, Format Version 12.00
# Visual Studio Version 17
VisualStudioVersion = 17.1.32421.90
MinimumVisualStudioVersion = 10.0.40219.1
Project("{FAE04EC0-301F-11D3-BF4B-00C04F79EFBC}") = "FizzBuzz.Test", "FizzBuzz.Test\FizzBuzz.Test.csproj", "{FE18B955-EB55-4C03-81D7-BECB290B6775}"
EndProject
Project("{FAE04EC0-301F-11D3-BF4B-00C04F79EFBC}") = "FizzBuzz", "FizzBuzz\FizzBuzz.csproj", "{3593056C-C58F-45E8-92F9-970EAAC5D917}"
EndProject
Global
	GlobalSection(SolutionConfigurationPlatforms) = preSolution
		Debug|Any CPU = Debug|Any CPU
		Release|Any CPU = Release|Any CPU
	EndGlobalSection
	GlobalSection(ProjectConfigurationPlatforms) = postSolution
		{FE18B955-EB55-4C03-81D7-BECB290B6775}.Debug|Any CPU.ActiveCfg = Debug|Any CPU
		{FE18B955-EB55-4C03-81D7-BECB290B6775}.Debug|Any CPU.Build.0 = Debug|Any CPU
		{FE18B955-EB55-4C03-81D7-BECB290B6775}.Release|Any CPU.ActiveCfg = Release|Any CPU
		{FE18B955-EB55-4C03-81D7-BECB290B6775}.Release|Any CPU.Build.0 = Release|Any CPU
		{3593056C-C58F-45E8-92F9-970EAAC5D917}.Debug|Any CPU.ActiveCfg = Debug|Any CPU
		{3593056C-C58F-45E8-92F9-970EAAC5D917}.Debug|Any CPU.Build.0 = Debug|Any CPU
		{3593056C-C58F-45E8-92F9-970EAAC5D917}.Release|Any CPU.ActiveCfg = Release|Any CPU
		{3593056C-C58F-45E8-92F9-970EAAC5D917}.Release|Any CPU.Build.0 = Release|Any CPU
	EndGlobalSection
	GlobalSection(SolutionProperties) = preSolution
		HideSolutionNode = FALSE
	EndGlobalSection
	GlobalSection(ExtensibilityGlobals) = postSolution
		SolutionGuid = {A7B566E9-6B96-4BB6-971F-9295FCE963CE}
	EndGlobalSection
EndGlobal
